{
    "_readme": [
        "This file locks the dependencies of your project to a known state",
        "Read more about it at https://getcomposer.org/doc/01-basic-usage.md#installing-dependencies",
        "This file is @generated automatically"
    ],
    "content-hash": "0b1beb5cb2e8e3eba6536b374411e7ce",
    "packages": [
        {
            "name": "pkpass/pkpass",
            "version": "v2.3.1",
            "source": {
                "type": "git",
                "url": "https://github.com/includable/php-pkpass.git",
                "reference": "83226a1543bbabceffcea9d22413e98bc2019146"
            },
            "dist": {
                "type": "zip",
                "url": "https://api.github.com/repos/includable/php-pkpass/zipball/83226a1543bbabceffcea9d22413e98bc2019146",
                "reference": "83226a1543bbabceffcea9d22413e98bc2019146",
                "shasum": ""
            },
            "require": {
                "ext-json": "*",
                "ext-openssl": "*",
                "ext-zip": "*",
                "php": ">=7.0"
            },
            "require-dev": {
                "phpunit/phpunit": "^9.6"
            },
            "type": "library",
            "autoload": {
                "psr-4": {
                    "PKPass\\": "src"
                }
            },
            "notification-url": "https://packagist.org/downloads/",
            "license": [
                "MIT"
            ],
            "authors": [
                {
                    "name": "Thomas Schoffelen",
                    "email": "thomas@includable.com",
                    "homepage": "https://schof.co/"
                }
            ],
            "description": "PHP PKPass class for iOS Wallet",
            "homepage": "https://github.com/includable/php-pkpass",
            "keywords": [
                "apple",
                "ios",
                "ipad",
                "iphone",
                "passbook",
                "php",
                "wallet"
            ],
            "support": {
                "issues": "https://github.com/includable/php-pkpass/issues",
                "source": "https://github.com/includable/php-pkpass/tree/v2.3.1"
            },
            "funding": [
                {
                    "url": "https://github.com/tschoffelen",
                    "type": "github"
                }
            ],
            "time": "2024-03-25T13:37:06+00:00"
        }
    ],
    "packages-dev": [],
    "aliases": [],
    "minimum-stability": "stable",
    "stability-flags": [],
    "prefer-stable": false,
    "prefer-lowest": false,
    "platform": [],
    "platform-dev": [],
    "plugin-api-version": "2.6.0"
}
